
Microsoft Visual Studio Solution File, Format Version 12.00
# Visual Studio Version 16
VisualStudioVersion = 25.0.1706.14
MinimumVisualStudioVersion = 10.0.40219.1
Project("{FAE04EC0-301F-11D3-BF4B-00C04F79EFBC}") = "CommandeServiceAPI", "CommandeServiceAPI\CommandeServiceAPI.csproj", "{996C36F5-96A9-4894-A613-1F5399B993B2}"
EndProject
Global
	GlobalSection(SolutionConfigurationPlatforms) = preSolution
		Debug|Any CPU = Debug|Any CPU
		Release|Any CPU = Release|Any CPU
	EndGlobalSection
	GlobalSection(ProjectConfigurationPlatforms) = postSolution
		{996C36F5-96A9-4894-A613-1F5399B993B2}.Debug|Any CPU.ActiveCfg = Debug|Any CPU
		{996C36F5-96A9-4894-A613-1F5399B993B2}.Debug|Any CPU.Build.0 = Debug|Any CPU
		{996C36F5-96A9-4894-A613-1F5399B993B2}.Release|Any CPU.ActiveCfg = Release|Any CPU
		{996C36F5-96A9-4894-A613-1F5399B993B2}.Release|Any CPU.Build.0 = Release|Any CPU
	EndGlobalSection
	GlobalSection(SolutionProperties) = preSolution
		HideSolutionNode = FALSE
	EndGlobalSection
	GlobalSection(ExtensibilityGlobals) = postSolution
		SolutionGuid = {1F6375B0-C1C8-40EC-8670-052A768C08B4}
	EndGlobalSection
EndGlobal
